
Microsoft Visual Studio Solution File, Format Version 12.00
# Visual Studio Version 16
VisualStudioVersion = 16.0.34301.259
MinimumVisualStudioVersion = 10.0.40219.1
Project("{FAE04EC0-301F-11D3-BF4B-00C04F79EFBC}") = "Bai01", "Bai01\Bai01.csproj", "{67E1B351-DDBD-4CA1-AA9E-19309CEFFA02}"
EndProject
Project("{FAE04EC0-301F-11D3-BF4B-00C04F79EFBC}") = "Bai02", "Bai02\Bai02.csproj", "{0433EE65-3BE0-41C8-91AF-5E0D0EA9F4FC}"
EndProject
Global
	GlobalSection(SolutionConfigurationPlatforms) = preSolution
		Debug|Any CPU = Debug|Any CPU
		Release|Any CPU = Release|Any CPU
	EndGlobalSection
	GlobalSection(ProjectConfigurationPlatforms) = postSolution
		{67E1B351-DDBD-4CA1-AA9E-19309CEFFA02}.Debug|Any CPU.ActiveCfg = Debug|Any CPU
		{67E1B351-DDBD-4CA1-AA9E-19309CEFFA02}.Debug|Any CPU.Build.0 = Debug|Any CPU
		{67E1B351-DDBD-4CA1-AA9E-19309CEFFA02}.Release|Any CPU.ActiveCfg = Release|Any CPU
		{67E1B351-DDBD-4CA1-AA9E-19309CEFFA02}.Release|Any CPU.Build.0 = Release|Any CPU
		{0433EE65-3BE0-41C8-91AF-5E0D0EA9F4FC}.Debug|Any CPU.ActiveCfg = Debug|Any CPU
		{0433EE65-3BE0-41C8-91AF-5E0D0EA9F4FC}.Debug|Any CPU.Build.0 = Debug|Any CPU
		{0433EE65-3BE0-41C8-91AF-5E0D0EA9F4FC}.Release|Any CPU.ActiveCfg = Release|Any CPU
		{0433EE65-3BE0-41C8-91AF-5E0D0EA9F4FC}.Release|Any CPU.Build.0 = Release|Any CPU
	EndGlobalSection
	GlobalSection(SolutionProperties) = preSolution
		HideSolutionNode = FALSE
	EndGlobalSection
	GlobalSection(ExtensibilityGlobals) = postSolution
		SolutionGuid = {0B372510-2EF8-4FEA-BE30-407704AA6B7F}
	EndGlobalSection
EndGlobal
